// !$*UTF8*$!
{
	archiveVersion = 1;
	classes = {
	};
	objectVersion = 50;
	objects = {

/* Begin PBXBuildFile section */
		2F3C97622269631600EC5563 /* AppDelegate.swift in Sources */ = {isa = PBXBuildFile; fileRef = 2F3C97612269631600EC5563 /* AppDelegate.swift */; };
		2F3C97642269631600EC5563 /* ViewController.swift in Sources */ = {isa = PBXBuildFile; fileRef = 2F3C97632269631600EC5563 /* ViewController.swift */; };
		2F3C97692269631600EC5563 /* Assets.xcassets in Resources */ = {isa = PBXBuildFile; fileRef = 2F3C97682269631600EC5563 /* Assets.xcassets */; };
		2F3C976C2269631600EC5563 /* LaunchScreen.storyboard in Resources */ = {isa = PBXBuildFile; fileRef = 2F3C976A2269631600EC5563 /* LaunchScreen.storyboard */; };
		2FF682742266EED8000326E4 /* LoginViewController.swift in Sources */ = {isa = PBXBuildFile; fileRef = 2FF682732266EED8000326E4 /* LoginViewController.swift */; };
		2FF6827622697E82000326E4 /* ClassListViewController.swift in Sources */ = {isa = PBXBuildFile; fileRef = 2FF6827522697E82000326E4 /* ClassListViewController.swift */; };
		2FF68278226983D4000326E4 /* YourClasses.swift in Sources */ = {isa = PBXBuildFile; fileRef = 2FF68277226983D4000326E4 /* YourClasses.swift */; };
		2FF6827A2269892A000326E4 /* YourClassesTableViewCell.swift in Sources */ = {isa = PBXBuildFile; fileRef = 2FF682792269892A000326E4 /* YourClassesTableViewCell.swift */; };
		2FF6827C226A0748000326E4 /* UserInfoViewController.swift in Sources */ = {isa = PBXBuildFile; fileRef = 2FF6827B226A0748000326E4 /* UserInfoViewController.swift */; };
		2FF6828322794021000326E4 /* course.swift in Sources */ = {isa = PBXBuildFile; fileRef = 2FF6828222794020000326E4 /* course.swift */; };
		2FF68285227943B8000326E4 /* NetworkManager.swift in Sources */ = {isa = PBXBuildFile; fileRef = 2FF68284227943B8000326E4 /* NetworkManager.swift */; };
		C94EC168227326B2002623C0 /* ClassCollectionViewCell.swift in Sources */ = {isa = PBXBuildFile; fileRef = C94EC167227326B2002623C0 /* ClassCollectionViewCell.swift */; };
		E39156CDB5E150A10CF46581 /* Pods_yay2.framework in Frameworks */ = {isa = PBXBuildFile; fileRef = 072E9378071107A020C4EB87 /* Pods_yay2.framework */; };
/* End PBXBuildFile section */

/* Begin PBXFileReference section */
		072E9378071107A020C4EB87 /* Pods_yay2.framework */ = {isa = PBXFileReference; explicitFileType = wrapper.framework; includeInIndex = 0; path = Pods_yay2.framework; sourceTree = BUILT_PRODUCTS_DIR; };
		2570D136B10473454DDC729D /* Pods-yay2.release.xcconfig */ = {isa = PBXFileReference; includeInIndex = 1; lastKnownFileType = text.xcconfig; name = "Pods-yay2.release.xcconfig"; path = "Target Support Files/Pods-yay2/Pods-yay2.release.xcconfig"; sourceTree = "<group>"; };
		2F3C975E2269631600EC5563 /* yay2.app */ = {isa = PBXFileReference; explicitFileType = wrapper.application; includeInIndex = 0; path = yay2.app; sourceTree = BUILT_PRODUCTS_DIR; };
		2F3C97612269631600EC5563 /* AppDelegate.swift */ = {isa = PBXFileReference; lastKnownFileType = sourcecode.swift; path = AppDelegate.swift; sourceTree = "<group>"; };
		2F3C97632269631600EC5563 /* ViewController.swift */ = {isa = PBXFileReference; lastKnownFileType = sourcecode.swift; path = ViewController.swift; sourceTree = "<group>"; };
		2F3C97682269631600EC5563 /* Assets.xcassets */ = {isa = PBXFileReference; lastKnownFileType = folder.assetcatalog; path = Assets.xcassets; sourceTree = "<group>"; };
		2F3C976B2269631600EC5563 /* Base */ = {isa = PBXFileReference; lastKnownFileType = file.storyboard; name = Base; path = Base.lproj/LaunchScreen.storyboard; sourceTree = "<group>"; };
		2F3C976D2269631600EC5563 /* Info.plist */ = {isa = PBXFileReference; lastKnownFileType = text.plist.xml; path = Info.plist; sourceTree = "<group>"; };
		2FF682732266EED8000326E4 /* LoginViewController.swift */ = {isa = PBXFileReference; lastKnownFileType = sourcecode.swift; path = LoginViewController.swift; sourceTree = "<group>"; };
		2FF6827522697E82000326E4 /* ClassListViewController.swift */ = {isa = PBXFileReference; lastKnownFileType = sourcecode.swift; path = ClassListViewController.swift; sourceTree = "<group>"; };
		2FF68277226983D4000326E4 /* YourClasses.swift */ = {isa = PBXFileReference; lastKnownFileType = sourcecode.swift; path = YourClasses.swift; sourceTree = "<group>"; };
		2FF682792269892A000326E4 /* YourClassesTableViewCell.swift */ = {isa = PBXFileReference; lastKnownFileType = sourcecode.swift; path = YourClassesTableViewCell.swift; sourceTree = "<group>"; };
		2FF6827B226A0748000326E4 /* UserInfoViewController.swift */ = {isa = PBXFileReference; lastKnownFileType = sourcecode.swift; path = UserInfoViewController.swift; sourceTree = "<group>"; };
		2FF6828222794020000326E4 /* course.swift */ = {isa = PBXFileReference; lastKnownFileType = sourcecode.swift; path = course.swift; sourceTree = "<group>"; };
		2FF68284227943B8000326E4 /* NetworkManager.swift */ = {isa = PBXFileReference; lastKnownFileType = sourcecode.swift; path = NetworkManager.swift; sourceTree = "<group>"; };
		7FB0930EA0595ACE298665AA /* Pods-yay2.debug.xcconfig */ = {isa = PBXFileReference; includeInIndex = 1; lastKnownFileType = text.xcconfig; name = "Pods-yay2.debug.xcconfig"; path = "Target Support Files/Pods-yay2/Pods-yay2.debug.xcconfig"; sourceTree = "<group>"; };
		C94EC167227326B2002623C0 /* ClassCollectionViewCell.swift */ = {isa = PBXFileReference; lastKnownFileType = sourcecode.swift; path = ClassCollectionViewCell.swift; sourceTree = "<group>"; };
/* End PBXFileReference section */

/* Begin PBXFrameworksBuildPhase section */
		2F3C975B2269631600EC5563 /* Frameworks */ = {
			isa = PBXFrameworksBuildPhase;
			buildActionMask = 2147483647;
			files = (
				E39156CDB5E150A10CF46581 /* Pods_yay2.framework in Frameworks */,
			);
			runOnlyForDeploymentPostprocessing = 0;
		};
/* End PBXFrameworksBuildPhase section */

/* Begin PBXGroup section */
		2F3C97552269631600EC5563 = {
			isa = PBXGroup;
			children = (
				2F3C97602269631600EC5563 /* yay2 */,
				2F3C975F2269631600EC5563 /* Products */,
				BE8FD9D04E1B65ADCEDECEAC /* Pods */,
				434661CDE814D62CA80A71A9 /* Frameworks */,
			);
			sourceTree = "<group>";
		};
		2F3C975F2269631600EC5563 /* Products */ = {
			isa = PBXGroup;
			children = (
				2F3C975E2269631600EC5563 /* yay2.app */,
			);
			name = Products;
			sourceTree = "<group>";
		};
		2F3C97602269631600EC5563 /* yay2 */ = {
			isa = PBXGroup;
			children = (
				C94EC16922732799002623C0 /* Cell */,
				C94EC16A22732807002623C0 /* Layout */,
				2FF68277226983D4000326E4 /* YourClasses.swift */,
				2F3C97682269631600EC5563 /* Assets.xcassets */,
				2F3C976A2269631600EC5563 /* LaunchScreen.storyboard */,
				2F3C976D2269631600EC5563 /* Info.plist */,
			);
			path = yay2;
			sourceTree = "<group>";
		};
		434661CDE814D62CA80A71A9 /* Frameworks */ = {
			isa = PBXGroup;
			children = (
				072E9378071107A020C4EB87 /* Pods_yay2.framework */,
			);
			name = Frameworks;
			sourceTree = "<group>";
		};
		BE8FD9D04E1B65ADCEDECEAC /* Pods */ = {
			isa = PBXGroup;
			children = (
				7FB0930EA0595ACE298665AA /* Pods-yay2.debug.xcconfig */,
				2570D136B10473454DDC729D /* Pods-yay2.release.xcconfig */,
			);
			path = Pods;
			sourceTree = "<group>";
		};
		C94EC16922732799002623C0 /* Cell */ = {
			isa = PBXGroup;
			children = (
				2FF682792269892A000326E4 /* YourClassesTableViewCell.swift */,
				C94EC167227326B2002623C0 /* ClassCollectionViewCell.swift */,
			);
			path = Cell;
			sourceTree = "<group>";
		};
		C94EC16A22732807002623C0 /* Layout */ = {
			isa = PBXGroup;
			children = (
				2F3C97612269631600EC5563 /* AppDelegate.swift */,
				2F3C97632269631600EC5563 /* ViewController.swift */,
				2FF6828222794020000326E4 /* course.swift */,
				2FF68284227943B8000326E4 /* NetworkManager.swift */,
				2FF6827522697E82000326E4 /* ClassListViewController.swift */,
				2FF6827B226A0748000326E4 /* UserInfoViewController.swift */,
				2FF682732266EED8000326E4 /* LoginViewController.swift */,
			);
			path = Layout;
			sourceTree = "<group>";
		};
/* End PBXGroup section */

/* Begin PBXNativeTarget section */
		2F3C975D2269631600EC5563 /* yay2 */ = {
			isa = PBXNativeTarget;
			buildConfigurationList = 2F3C97702269631600EC5563 /* Build configuration list for PBXNativeTarget "yay2" */;
			buildPhases = (
				3CDA9ED72925EEB963B2863B /* [CP] Check Pods Manifest.lock */,
				2F3C975A2269631600EC5563 /* Sources */,
				2F3C975B2269631600EC5563 /* Frameworks */,
				2F3C975C2269631600EC5563 /* Resources */,
				3B2953CFE0A361BE9B4542BB /* [CP] Embed Pods Frameworks */,
				7C6696B8104A16E40BFC55E2 /* [CP] Copy Pods Resources */,
			);
			buildRules = (
			);
			dependencies = (
			);
			name = yay2;
			productName = yay2;
			productReference = 2F3C975E2269631600EC5563 /* yay2.app */;
			productType = "com.apple.product-type.application";
		};
/* End PBXNativeTarget section */

/* Begin PBXProject section */
		2F3C97562269631600EC5563 /* Project object */ = {
			isa = PBXProject;
			attributes = {
				LastSwiftUpdateCheck = 1010;
				LastUpgradeCheck = 1010;
				ORGANIZATIONNAME = "Lillian Joyce";
				TargetAttributes = {
					2F3C975D2269631600EC5563 = {
						CreatedOnToolsVersion = 10.1;
					};
				};
			};
			buildConfigurationList = 2F3C97592269631600EC5563 /* Build configuration list for PBXProject "yay2" */;
			compatibilityVersion = "Xcode 9.3";
			developmentRegion = en;
			hasScannedForEncodings = 0;
			knownRegions = (
				en,
				Base,
			);
			mainGroup = 2F3C97552269631600EC5563;
			productRefGroup = 2F3C975F2269631600EC5563 /* Products */;
			projectDirPath = "";
			projectRoot = "";
			targets = (
				2F3C975D2269631600EC5563 /* yay2 */,
			);
		};
/* End PBXProject section */

/* Begin PBXResourcesBuildPhase section */
		2F3C975C2269631600EC5563 /* Resources */ = {
			isa = PBXResourcesBuildPhase;
			buildActionMask = 2147483647;
			files = (
				2F3C976C2269631600EC5563 /* LaunchScreen.storyboard in Resources */,
				2F3C97692269631600EC5563 /* Assets.xcassets in Resources */,
			);
			runOnlyForDeploymentPostprocessing = 0;
		};
/* End PBXResourcesBuildPhase section */

/* Begin PBXShellScriptBuildPhase section */
		3B2953CFE0A361BE9B4542BB /* [CP] Embed Pods Frameworks */ = {
			isa = PBXShellScriptBuildPhase;
			buildActionMask = 2147483647;
			files = (
			);
			inputFileListPaths = (
			);
			inputPaths = (
				"${PODS_ROOT}/Target Support Files/Pods-yay2/Pods-yay2-frameworks.sh",
				"${BUILT_PRODUCTS_DIR}/Alamofire/Alamofire.framework",
				"${BUILT_PRODUCTS_DIR}/GTMSessionFetcher/GTMSessionFetcher.framework",
				"${BUILT_PRODUCTS_DIR}/GoogleToolboxForMac/GoogleToolboxForMac.framework",
				"${BUILT_PRODUCTS_DIR}/GoogleUtilities/GoogleUtilities.framework",
				"${BUILT_PRODUCTS_DIR}/SnapKit/SnapKit.framework",
				"${BUILT_PRODUCTS_DIR}/leveldb-library/leveldb.framework",
				"${BUILT_PRODUCTS_DIR}/nanopb/nanopb.framework",
			);
			name = "[CP] Embed Pods Frameworks";
			outputFileListPaths = (
			);
			outputPaths = (
				"${TARGET_BUILD_DIR}/${FRAMEWORKS_FOLDER_PATH}/Alamofire.framework",
				"${TARGET_BUILD_DIR}/${FRAMEWORKS_FOLDER_PATH}/GTMSessionFetcher.framework",
				"${TARGET_BUILD_DIR}/${FRAMEWORKS_FOLDER_PATH}/GoogleToolboxForMac.framework",
				"${TARGET_BUILD_DIR}/${FRAMEWORKS_FOLDER_PATH}/GoogleUtilities.framework",
				"${TARGET_BUILD_DIR}/${FRAMEWORKS_FOLDER_PATH}/SnapKit.framework",
				"${TARGET_BUILD_DIR}/${FRAMEWORKS_FOLDER_PATH}/leveldb.framework",
				"${TARGET_BUILD_DIR}/${FRAMEWORKS_FOLDER_PATH}/nanopb.framework",
			);
			runOnlyForDeploymentPostprocessing = 0;
			shellPath = /bin/sh;
			shellScript = "\"${PODS_ROOT}/Target Support Files/Pods-yay2/Pods-yay2-frameworks.sh\"\n";
			showEnvVarsInLog = 0;
		};
		3CDA9ED72925EEB963B2863B /* [CP] Check Pods Manifest.lock */ = {
			isa = PBXShellScriptBuildPhase;
			buildActionMask = 2147483647;
			files = (
			);
			inputFileListPaths = (
			);
			inputPaths = (
				"${PODS_PODFILE_DIR_PATH}/Podfile.lock",
				"${PODS_ROOT}/Manifest.lock",
			);
			name = "[CP] Check Pods Manifest.lock";
			outputFileListPaths = (
			);
			outputPaths = (
				"$(DERIVED_FILE_DIR)/Pods-yay2-checkManifestLockResult.txt",
			);
			runOnlyForDeploymentPostprocessing = 0;
			shellPath = /bin/sh;
			shellScript = "diff \"${PODS_PODFILE_DIR_PATH}/Podfile.lock\" \"${PODS_ROOT}/Manifest.lock\" > /dev/null\nif [ $? != 0 ] ; then\n    # print error to STDERR\n    echo \"error: The sandbox is not in sync with the Podfile.lock. Run 'pod install' or update your CocoaPods installation.\" >&2\n    exit 1\nfi\n# This output is used by Xcode 'outputs' to avoid re-running this script phase.\necho \"SUCCESS\" > \"${SCRIPT_OUTPUT_FILE_0}\"\n";
			showEnvVarsInLog = 0;
		};
		7C6696B8104A16E40BFC55E2 /* [CP] Copy Pods Resources */ = {
			isa = PBXShellScriptBuildPhase;
			buildActionMask = 2147483647;
			files = (
			);
			inputFileListPaths = (
			);
			inputPaths = (
				"${PODS_ROOT}/Target Support Files/Pods-yay2/Pods-yay2-resources.sh",
				"${PODS_ROOT}/GoogleSignIn/Resources/GoogleSignIn.bundle",
			);
			name = "[CP] Copy Pods Resources";
			outputFileListPaths = (
			);
			outputPaths = (
				"${TARGET_BUILD_DIR}/${UNLOCALIZED_RESOURCES_FOLDER_PATH}/GoogleSignIn.bundle",
			);
			runOnlyForDeploymentPostprocessing = 0;
			shellPath = /bin/sh;
			shellScript = "\"${PODS_ROOT}/Target Support Files/Pods-yay2/Pods-yay2-resources.sh\"\n";
			showEnvVarsInLog = 0;
		};
/* End PBXShellScriptBuildPhase section */

/* Begin PBXSourcesBuildPhase section */
		2F3C975A2269631600EC5563 /* Sources */ = {
			isa = PBXSourcesBuildPhase;
			buildActionMask = 2147483647;
			files = (
				2FF682742266EED8000326E4 /* LoginViewController.swift in Sources */,
				2FF6827C226A0748000326E4 /* UserInfoViewController.swift in Sources */,
				2FF68285227943B8000326E4 /* NetworkManager.swift in Sources */,
				2FF6827A2269892A000326E4 /* YourClassesTableViewCell.swift in Sources */,
				2FF6827622697E82000326E4 /* ClassListViewController.swift in Sources */,
				2F3C97642269631600EC5563 /* ViewController.swift in Sources */,
				C94EC168227326B2002623C0 /* ClassCollectionViewCell.swift in Sources */,
				2FF6828322794021000326E4 /* course.swift in Sources */,
				2FF68278226983D4000326E4 /* YourClasses.swift in Sources */,
				2F3C97622269631600EC5563 /* AppDelegate.swift in Sources */,
			);
			runOnlyForDeploymentPostprocessing = 0;
		};
/* End PBXSourcesBuildPhase section */

/* Begin PBXVariantGroup section */
		2F3C976A2269631600EC5563 /* LaunchScreen.storyboard */ = {
			isa = PBXVariantGroup;
			children = (
				2F3C976B2269631600EC5563 /* Base */,
			);
			name = LaunchScreen.storyboard;
			sourceTree = "<group>";
		};
/* End PBXVariantGroup section */

/* Begin XCBuildConfiguration section */
		2F3C976E2269631600EC5563 /* Debug */ = {
			isa = XCBuildConfiguration;
			buildSettings = {
				ALWAYS_SEARCH_USER_PATHS = NO;
				CLANG_ANALYZER_NONNULL = YES;
				CLANG_ANALYZER_NUMBER_OBJECT_CONVERSION = YES_AGGRESSIVE;
				CLANG_CXX_LANGUAGE_STANDARD = "gnu++14";
				CLANG_CXX_LIBRARY = "libc++";
				CLANG_ENABLE_MODULES = YES;
				CLANG_ENABLE_OBJC_ARC = YES;
				CLANG_ENABLE_OBJC_WEAK = YES;
				CLANG_WARN_BLOCK_CAPTURE_AUTORELEASING = YES;
				CLANG_WARN_BOOL_CONVERSION = YES;
				CLANG_WARN_COMMA = YES;
				CLANG_WARN_CONSTANT_CONVERSION = YES;
				CLANG_WARN_DEPRECATED_OBJC_IMPLEMENTATIONS = YES;
				CLANG_WARN_DIRECT_OBJC_ISA_USAGE = YES_ERROR;
				CLANG_WARN_DOCUMENTATION_COMMENTS = YES;
				CLANG_WARN_EMPTY_BODY = YES;
				CLANG_WARN_ENUM_CONVERSION = YES;
				CLANG_WARN_INFINITE_RECURSION = YES;
				CLANG_WARN_INT_CONVERSION = YES;
				CLANG_WARN_NON_LITERAL_NULL_CONVERSION = YES;
				CLANG_WARN_OBJC_IMPLICIT_RETAIN_SELF = YES;
				CLANG_WARN_OBJC_LITERAL_CONVERSION = YES;
				CLANG_WARN_OBJC_ROOT_CLASS = YES_ERROR;
				CLANG_WARN_RANGE_LOOP_ANALYSIS = YES;
				CLANG_WARN_STRICT_PROTOTYPES = YES;
				CLANG_WARN_SUSPICIOUS_MOVE = YES;
				CLANG_WARN_UNGUARDED_AVAILABILITY = YES_AGGRESSIVE;
				CLANG_WARN_UNREACHABLE_CODE = YES;
				CLANG_WARN__DUPLICATE_METHOD_MATCH = YES;
				CODE_SIGN_IDENTITY = "iPhone Developer";
				COPY_PHASE_STRIP = NO;
				DEBUG_INFORMATION_FORMAT = dwarf;
				ENABLE_STRICT_OBJC_MSGSEND = YES;
				ENABLE_TESTABILITY = YES;
				GCC_C_LANGUAGE_STANDARD = gnu11;
				GCC_DYNAMIC_NO_PIC = NO;
				GCC_NO_COMMON_BLOCKS = YES;
				GCC_OPTIMIZATION_LEVEL = 0;
				GCC_PREPROCESSOR_DEFINITIONS = (
					"DEBUG=1",
					"$(inherited)",
				);
				GCC_WARN_64_TO_32_BIT_CONVERSION = YES;
				GCC_WARN_ABOUT_RETURN_TYPE = YES_ERROR;
				GCC_WARN_UNDECLARED_SELECTOR = YES;
				GCC_WARN_UNINITIALIZED_AUTOS = YES_AGGRESSIVE;
				GCC_WARN_UNUSED_FUNCTION = YES;
				GCC_WARN_UNUSED_VARIABLE = YES;
				IPHONEOS_DEPLOYMENT_TARGET = 12.1;
				MTL_ENABLE_DEBUG_INFO = INCLUDE_SOURCE;
				MTL_FAST_MATH = YES;
				ONLY_ACTIVE_ARCH = YES;
				SDKROOT = iphoneos;
				SWIFT_ACTIVE_COMPILATION_CONDITIONS = DEBUG;
				SWIFT_OPTIMIZATION_LEVEL = "-Onone";
			};
			name = Debug;
		};
		2F3C976F2269631600EC5563 /* Release */ = {
			isa = XCBuildConfiguration;
			buildSettings = {
				ALWAYS_SEARCH_USER_PATHS = NO;
				CLANG_ANALYZER_NONNULL = YES;
				CLANG_ANALYZER_NUMBER_OBJECT_CONVERSION = YES_AGGRESSIVE;
				CLANG_CXX_LANGUAGE_STANDARD = "gnu++14";
				CLANG_CXX_LIBRARY = "libc++";
				CLANG_ENABLE_MODULES = YES;
				CLANG_ENABLE_OBJC_ARC = YES;
				CLANG_ENABLE_OBJC_WEAK = YES;
				CLANG_WARN_BLOCK_CAPTURE_AUTORELEASING = YES;
				CLANG_WARN_BOOL_CONVERSION = YES;
				CLANG_WARN_COMMA = YES;
				CLANG_WARN_CONSTANT_CONVERSION = YES;
				CLANG_WARN_DEPRECATED_OBJC_IMPLEMENTATIONS = YES;
				CLANG_WARN_DIRECT_OBJC_ISA_USAGE = YES_ERROR;
				CLANG_WARN_DOCUMENTATION_COMMENTS = YES;
				CLANG_WARN_EMPTY_BODY = YES;
				CLANG_WARN_ENUM_CONVERSION = YES;
				CLANG_WARN_INFINITE_RECURSION = YES;
				CLANG_WARN_INT_CONVERSION = YES;
				CLANG_WARN_NON_LITERAL_NULL_CONVERSION = YES;
				CLANG_WARN_OBJC_IMPLICIT_RETAIN_SELF = YES;
				CLANG_WARN_OBJC_LITERAL_CONVERSION = YES;
				CLANG_WARN_OBJC_ROOT_CLASS = YES_ERROR;
				CLANG_WARN_RANGE_LOOP_ANALYSIS = YES;
				CLANG_WARN_STRICT_PROTOTYPES = YES;
				CLANG_WARN_SUSPICIOUS_MOVE = YES;
				CLANG_WARN_UNGUARDED_AVAILABILITY = YES_AGGRESSIVE;
				CLANG_WARN_UNREACHABLE_CODE = YES;
				CLANG_WARN__DUPLICATE_METHOD_MATCH = YES;
				CODE_SIGN_IDENTITY = "iPhone Developer";
				COPY_PHASE_STRIP = NO;
				DEBUG_INFORMATION_FORMAT = "dwarf-with-dsym";
				ENABLE_NS_ASSERTIONS = NO;
				ENABLE_STRICT_OBJC_MSGSEND = YES;
				GCC_C_LANGUAGE_STANDARD = gnu11;
				GCC_NO_COMMON_BLOCKS = YES;
				GCC_WARN_64_TO_32_BIT_CONVERSION = YES;
				GCC_WARN_ABOUT_RETURN_TYPE = YES_ERROR;
				GCC_WARN_UNDECLARED_SELECTOR = YES;
				GCC_WARN_UNINITIALIZED_AUTOS = YES_AGGRESSIVE;
				GCC_WARN_UNUSED_FUNCTION = YES;
				GCC_WARN_UNUSED_VARIABLE = YES;
				IPHONEOS_DEPLOYMENT_TARGET = 12.1;
				MTL_ENABLE_DEBUG_INFO = NO;
				MTL_FAST_MATH = YES;
				SDKROOT = iphoneos;
				SWIFT_COMPILATION_MODE = wholemodule;
				SWIFT_OPTIMIZATION_LEVEL = "-O";
				VALIDATE_PRODUCT = YES;
			};
			name = Release;
		};
		2F3C97712269631600EC5563 /* Debug */ = {
			isa = XCBuildConfiguration;
			baseConfigurationReference = 7FB0930EA0595ACE298665AA /* Pods-yay2.debug.xcconfig */;
			buildSettings = {
				ASSETCATALOG_COMPILER_APPICON_NAME = AppIcon;
				CODE_SIGN_STYLE = Automatic;
				INFOPLIST_FILE = yay2/Info.plist;
				LD_RUNPATH_SEARCH_PATHS = (
					"$(inherited)",
					"@executable_path/Frameworks",
				);
				PRODUCT_BUNDLE_IDENTIFIER = com.lillian.yay2;
				PRODUCT_NAME = "$(TARGET_NAME)";
				SWIFT_VERSION = 4.2;
				TARGETED_DEVICE_FAMILY = "1,2";
			};
			name = Debug;
		};
		2F3C97722269631600EC5563 /* Release */ = {
			isa = XCBuildConfiguration;
			baseConfigurationReference = 2570D136B10473454DDC729D /* Pods-yay2.release.xcconfig */;
			buildSettings = {
				ASSETCATALOG_COMPILER_APPICON_NAME = AppIcon;
				CODE_SIGN_STYLE = Automatic;
				INFOPLIST_FILE = yay2/Info.plist;
				LD_RUNPATH_SEARCH_PATHS = (
					"$(inherited)",
					"@executable_path/Frameworks",
				);
				PRODUCT_BUNDLE_IDENTIFIER = com.lillian.yay2;
				PRODUCT_NAME = "$(TARGET_NAME)";
				SWIFT_VERSION = 4.2;
				TARGETED_DEVICE_FAMILY = "1,2";
			};
			name = Release;
		};
/* End XCBuildConfiguration section */

/* Begin XCConfigurationList section */
		2F3C97592269631600EC5563 /* Build configuration list for PBXProject "yay2" */ = {
			isa = XCConfigurationList;
			buildConfigurations = (
				2F3C976E2269631600EC5563 /* Debug */,
				2F3C976F2269631600EC5563 /* Release */,
			);
			defaultConfigurationIsVisible = 0;
			defaultConfigurationName = Release;
		};
		2F3C97702269631600EC5563 /* Build configuration list for PBXNativeTarget "yay2" */ = {
			isa = XCConfigurationList;
			buildConfigurations = (
				2F3C97712269631600EC5563 /* Debug */,
				2F3C97722269631600EC5563 /* Release */,
			);
			defaultConfigurationIsVisible = 0;
			defaultConfigurationName = Release;
		};
/* End XCConfigurationList section */
	};
	rootObject = 2F3C97562269631600EC5563 /* Project object */;
}
